# This is a Gradle generated file for dependency locking.
# Manual edits can break the build and are not advised.
# This file is expected to be part of source control.
ch.qos.logback.contrib:logback-jackson:0.1.5
ch.qos.logback.contrib:logback-json-classic:0.1.5
ch.qos.logback.contrib:logback-json-core:0.1.5
ch.qos.logback:logback-classic:1.2.3
ch.qos.logback:logback-core:1.2.3
com.bettercloud:vault-java-driver:3.1.0
com.fasterxml.jackson.core:jackson-annotations:2.12.1
com.fasterxml.jackson.core:jackson-core:2.12.1
com.fasterxml.jackson.core:jackson-databind:2.12.1
com.fasterxml.jackson.datatype:jackson-datatype-jdk8:2.12.1
com.fasterxml.jackson.datatype:jackson-datatype-jsr310:2.12.1
com.fasterxml.jackson.module:jackson-module-kotlin:2.12.1
com.fasterxml.jackson:jackson-bom:2.12.1
com.fasterxml.woodstox:woodstox-core:6.2.1
com.github.ben-manes.caffeine:caffeine:2.8.8
com.github.javafaker:javafaker:1.0.2
com.github.luben:zstd-jni:1.4.4-7
com.github.mifmif:generex:1.0.2
com.github.navikt:brukernotifikasjon-schemas:1.2021.01.18-11.12-b9c8c40b98d1
com.github.stephenc.jcip:jcip-annotations:1.0-1
com.github.tomakehurst:wiremock-standalone:2.25.1
com.github.waffle:waffle-jna:3.0.0
com.google.api-client:google-api-client:1.31.1
com.google.api.grpc:proto-google-common-protos:2.0.1
com.google.api.grpc:proto-google-iam-v1:1.0.3
com.google.api:api-common:1.10.1
com.google.api:gax-httpjson:0.77.1
com.google.api:gax:1.60.1
com.google.apis:google-api-services-storage:v1-rev20201112-1.31.0
com.google.auth:google-auth-library-credentials:0.22.0
com.google.auth:google-auth-library-oauth2-http:0.22.0
com.google.auto.value:auto-value-annotations:1.7.4
com.google.cloud:google-cloud-core-http:1.94.0
com.google.cloud:google-cloud-core:1.94.0
com.google.cloud:google-cloud-storage:1.113.6
com.google.code.findbugs:jsr305:3.0.2
com.google.code.gson:gson:2.8.6
com.google.errorprone:error_prone_annotations:2.4.0
com.google.guava:failureaccess:1.0.1
com.google.guava:guava:30.0-jre
com.google.guava:listenablefuture:9999.0-empty-to-avoid-conflict-with-guava
com.google.http-client:google-http-client-apache-v2:1.38.0
com.google.http-client:google-http-client-appengine:1.38.0
com.google.http-client:google-http-client-jackson2:1.38.0
com.google.http-client:google-http-client:1.38.0
com.google.j2objc:j2objc-annotations:1.3
com.google.oauth-client:google-oauth-client:1.31.2
com.google.protobuf:protobuf-java-util:3.14.0
com.google.protobuf:protobuf-java:3.14.0
com.googlecode.json-simple:json-simple:1.1.1
com.natpryce:konfig:1.6.10.0
com.nimbusds:content-type:2.1
com.nimbusds:lang-tag:1.4.4
com.nimbusds:nimbus-jose-jwt:8.18
com.nimbusds:oauth2-oidc-sdk:8.22
com.papertrailapp:logback-syslog4j:1.0.0
com.squareup.okhttp3:mockwebserver:4.8.1
com.squareup.okhttp3:okhttp:4.8.1
com.squareup.okio:okio:2.7.0
com.sun.activation:jakarta.activation:1.2.2
com.sun.activation:javax.activation:1.2.0
com.sun.istack:istack-commons-runtime:3.0.11
com.sun.xml.bind:jaxb-impl:2.3.3
com.sun.xml.bind:jaxb-jxc:2.3.3
com.sun.xml.bind:jaxb-xjc:2.3.3
com.sun.xml.fastinfoset:FastInfoset:1.2.18
com.sun.xml.messaging.saaj:saaj-impl:1.5.2
com.sun.xml.stream.buffer:streambuffer:1.5.9
com.sun.xml.ws:jaxws-rt:2.3.3
com.sun.xml.ws:jaxws-tools:2.3.3
com.typesafe:config:1.3.1
com.zaxxer:HikariCP:3.3.1
commons-codec:commons-codec:1.14
commons-collections:commons-collections:3.2.2
commons-lang:commons-lang:2.4
commons-logging:commons-logging:1.2
dk.brics.automaton:automaton:1.11-8
io.confluent:common-utils:6.0.1
io.confluent:kafka-avro-serializer:6.0.1
io.confluent:kafka-schema-registry-client:6.0.1
io.confluent:kafka-schema-serializer:6.0.1
io.dropwizard.metrics:metrics-core:3.1.2
io.github.microutils:kotlin-logging:1.8.3
io.grpc:grpc-context:1.34.0
io.ktor:ktor-auth-kotlinMultiplatform:1.4.1
io.ktor:ktor-auth:1.4.1
io.ktor:ktor-client-apache:1.4.1
io.ktor:ktor-client-core-jvm:1.4.3
io.ktor:ktor-client-core:1.4.3
io.ktor:ktor-client-jackson:1.4.3
io.ktor:ktor-client-json-jvm:1.4.3
io.ktor:ktor-client-json:1.4.3
io.ktor:ktor-http-cio-jvm:1.4.3
io.ktor:ktor-http-cio:1.4.3
io.ktor:ktor-http-jvm:1.4.3
io.ktor:ktor-http:1.4.3
io.ktor:ktor-io-jvm:1.4.3
io.ktor:ktor-io:1.4.3
io.ktor:ktor-jackson:1.4.1
io.ktor:ktor-locations:1.4.1
io.ktor:ktor-network-jvm:1.4.3
io.ktor:ktor-network:1.4.3
io.ktor:ktor-server-core-kotlinMultiplatform:1.4.1
io.ktor:ktor-server-core:1.4.3
io.ktor:ktor-server-host-common-kotlinMultiplatform:1.4.1
io.ktor:ktor-server-host-common:1.4.1
io.ktor:ktor-server-netty:1.4.1
io.ktor:ktor-utils-jvm:1.4.3
io.ktor:ktor-utils:1.4.3
io.netty:netty-buffer:4.1.59.Final
io.netty:netty-codec-http2:4.1.51.Final
io.netty:netty-codec-http:4.1.59.Final
io.netty:netty-codec:4.1.59.Final
io.netty:netty-common:4.1.59.Final
io.netty:netty-handler:4.1.59.Final
io.netty:netty-resolver:4.1.59.Final
io.netty:netty-transport-native-epoll:4.1.51.Final
io.netty:netty-transport-native-kqueue:4.1.51.Final
io.netty:netty-transport-native-unix-common:4.1.51.Final
io.netty:netty-transport:4.1.59.Final
io.opencensus:opencensus-api:0.24.0
io.opencensus:opencensus-contrib-http-util:0.24.0
io.prometheus:simpleclient:0.6.0
io.prometheus:simpleclient_common:0.6.0
io.prometheus:simpleclient_hotspot:0.6.0
io.prometheus:simpleclient_logback:0.4.0
io.swagger:swagger-annotations:1.6.2
jakarta.activation:jakarta.activation-api:1.2.2
jakarta.annotation:jakarta.annotation-api:1.3.5
jakarta.jws:jakarta.jws-api:2.1.0
jakarta.ws.rs:jakarta.ws.rs-api:2.1.6
jakarta.xml.bind:jakarta.xml.bind-api:2.3.3
jakarta.xml.soap:jakarta.xml.soap-api:1.4.2
jakarta.xml.ws:jakarta.xml.ws-api:2.3.3
javax.activation:javax.activation-api:1.2.0
javax.annotation:javax.annotation-api:1.3.2
javax.servlet:javax.servlet-api:3.1.0
javax.validation:validation-api:2.0.1.Final
javax.ws.rs:javax.ws.rs-api:2.1.1
javax.xml.bind:jaxb-api:2.3.1
javax.xml.soap:javax.xml.soap-api:1.4.0
javax.xml.stream:stax-api:1.0-2
javax.xml.ws:jaxws-api:2.3.1
joda-time:joda-time:2.9
junit:junit:4.13.1
net.java.dev.jna:jna-platform:5.6.0
net.java.dev.jna:jna:5.6.0
net.logstash.logback:logstash-logback-encoder:6.4
net.minidev:accessors-smart:1.2
net.minidev:json-smart:2.3
net.shibboleth.utilities:java-support:7.5.1
no.nav.common:log:2.2020.10.15_11.43-b1f02e7bd6ae
no.nav.common:util:2.2020.10.15_11.43-b1f02e7bd6ae
no.nav.helsearbeidsgiver:helse-arbeidsgiver-felles-backend:2021.02.10-13-53-bb1ff
no.nav.security:mock-oauth2-server:0.2.1
no.nav.security:token-client-core:1.3.1
no.nav.security:token-validation-core:1.3.1
no.nav.security:token-validation-ktor:1.3.1
no.nav.tjenestespesifikasjoner:altinn-correspondence-agency-external-basic:1.2019.09.25-00.21-49b69f0625e0
no.nav:vault-jdbc:1.3.7
org.apache.avro:avro:1.9.2
org.apache.commons:commons-compress:1.19
org.apache.commons:commons-lang3:3.5
org.apache.cxf:cxf-core:3.4.1
org.apache.cxf:cxf-rt-bindings-soap:3.4.1
org.apache.cxf:cxf-rt-bindings-xml:3.4.1
org.apache.cxf:cxf-rt-databinding-jaxb:3.4.1
org.apache.cxf:cxf-rt-features-logging:3.4.1
org.apache.cxf:cxf-rt-frontend-jaxws:3.4.1
org.apache.cxf:cxf-rt-frontend-simple:3.4.1
org.apache.cxf:cxf-rt-security-saml:3.4.1
org.apache.cxf:cxf-rt-security:3.4.1
org.apache.cxf:cxf-rt-transports-http:3.4.1
org.apache.cxf:cxf-rt-ws-addr:3.4.1
org.apache.cxf:cxf-rt-ws-policy:3.4.1
org.apache.cxf:cxf-rt-ws-security:3.4.1
org.apache.cxf:cxf-rt-wsdl:3.4.1
org.apache.geronimo.javamail:geronimo-javamail_1.4_mail:1.8.4
org.apache.httpcomponents:httpasyncclient:4.1.4
org.apache.httpcomponents:httpclient:4.5.13
org.apache.httpcomponents:httpcore-nio:4.4.13
org.apache.httpcomponents:httpcore:4.4.13
org.apache.kafka:kafka-clients:6.0.1-ccs
org.apache.neethi:neethi:3.1.1
org.apache.pdfbox:fontbox:2.0.21
org.apache.pdfbox:pdfbox:2.0.21
org.apache.santuario:xmlsec:2.2.0
org.apache.velocity:velocity:1.7
org.apache.ws.xmlschema:xmlschema-core:2.2.5
org.apache.wss4j:wss4j-bindings:2.3.0
org.apache.wss4j:wss4j-policy:2.3.0
org.apache.wss4j:wss4j-ws-security-common:2.3.0
org.apache.wss4j:wss4j-ws-security-dom:2.3.0
org.apache.wss4j:wss4j-ws-security-policy-stax:2.3.0
org.apache.wss4j:wss4j-ws-security-stax:2.3.0
org.bouncycastle:bcprov-jdk15on:1.64
org.checkerframework:checker-compat-qual:2.5.5
org.checkerframework:checker-qual:3.8.0
org.codehaus.janino:commons-compiler:3.0.7
org.codehaus.janino:janino:3.0.7
org.codehaus.woodstox:stax2-api:4.2.1
org.codehaus.woodstox:woodstox-core-asl:4.4.1
org.cryptacular:cryptacular:1.2.4
org.eclipse.jetty.alpn:alpn-api:1.1.3.v20160715
org.eclipse.jetty:jetty-http:9.4.35.v20201120
org.eclipse.jetty:jetty-io:9.4.35.v20201120
org.eclipse.jetty:jetty-server:9.4.35.v20201120
org.eclipse.jetty:jetty-util:9.4.35.v20201120
org.ehcache:ehcache:3.8.1
org.flywaydb:flyway-core:7.3.0
org.freemarker:freemarker:2.3.30
org.glassfish.external:management-api:3.2.2
org.glassfish.gmbal:gmbal:4.0.1
org.glassfish.ha:ha-api:3.1.12
org.glassfish.hk2.external:jakarta.inject:2.6.1
org.glassfish.hk2:osgi-resource-locator:1.0.3
org.glassfish.jaxb:jaxb-runtime:2.3.3
org.glassfish.jaxb:txw2:2.3.3
org.glassfish.jersey.core:jersey-common:2.30
org.glassfish.pfl:pfl-basic:4.1.0
org.glassfish.pfl:pfl-tf:4.1.0
org.hamcrest:hamcrest-core:1.3
org.jasypt:jasypt:1.9.3
org.jetbrains.kotlin:kotlin-reflect:1.4.21
org.jetbrains.kotlin:kotlin-stdlib-common:1.4.21
org.jetbrains.kotlin:kotlin-stdlib-jdk7:1.4.20
org.jetbrains.kotlin:kotlin-stdlib-jdk8:1.4.20
org.jetbrains.kotlin:kotlin-stdlib:1.4.21
org.jetbrains.kotlinx:kotlinx-coroutines-core-jvm:1.3.9
org.jetbrains.kotlinx:kotlinx-coroutines-core:1.3.9
org.jetbrains.kotlinx:kotlinx-coroutines-jdk8:1.3.9-native-mt-2
org.jetbrains:annotations:13.0
org.jvnet.mimepull:mimepull:1.9.13
org.jvnet.staxex:stax-ex:1.8.3
org.koin:koin-core-ext:2.0.1
org.koin:koin-core:2.0.1
org.koin:koin-ktor:2.0.1
org.lz4:lz4-java:1.7.1
org.opensaml:opensaml-core:3.4.5
org.opensaml:opensaml-messaging-api:3.4.5
org.opensaml:opensaml-profile-api:3.4.5
org.opensaml:opensaml-saml-api:3.4.5
org.opensaml:opensaml-saml-impl:3.4.5
org.opensaml:opensaml-security-api:3.4.5
org.opensaml:opensaml-security-impl:3.4.5
org.opensaml:opensaml-soap-api:3.4.5
org.opensaml:opensaml-soap-impl:3.4.5
org.opensaml:opensaml-storage-api:3.4.5
org.opensaml:opensaml-xacml-api:3.4.5
org.opensaml:opensaml-xacml-impl:3.4.5
org.opensaml:opensaml-xacml-saml-api:3.4.5
org.opensaml:opensaml-xacml-saml-impl:3.4.5
org.opensaml:opensaml-xmlsec-api:3.4.5
org.opensaml:opensaml-xmlsec-impl:3.4.5
org.ow2.asm:asm:8.0.1
org.postgresql:postgresql:42.2.16
org.projectlombok:lombok:1.18.12
org.slf4j:jcl-over-slf4j:2.0.0-alpha1
org.slf4j:slf4j-api:2.0.0-alpha1
org.syslog4j:syslog4j:0.9.30
org.threeten:threetenbp:1.5.0
org.valiktor:valiktor-core:0.12.0
org.valiktor:valiktor-javatime:0.12.0
org.xerial.snappy:snappy-java:1.1.7.3
org.yaml:snakeyaml:1.26
wsdl4j:wsdl4j:1.6.3
xml-resolver:xml-resolver:1.2
